// !$*UTF8*$!
{
	archiveVersion = 1;
	classes = {
	};
	objectVersion = 46;
	objects = {

/* Begin PBXBuildFile section */
		325323DD1D87F2E000A3CE82 /* GridScrollView.swift in Sources */ = {isa = PBXBuildFile; fileRef = 325323DC1D87F2E000A3CE82 /* GridScrollView.swift */; };
		32AAE3C31D6CC18400F8D573 /* AppDelegate.swift in Sources */ = {isa = PBXBuildFile; fileRef = 32AAE3C21D6CC18400F8D573 /* AppDelegate.swift */; };
		32AAE3C51D6CC18400F8D573 /* ViewController.swift in Sources */ = {isa = PBXBuildFile; fileRef = 32AAE3C41D6CC18400F8D573 /* ViewController.swift */; };
		32AAE3C81D6CC18400F8D573 /* Main.storyboard in Resources */ = {isa = PBXBuildFile; fileRef = 32AAE3C61D6CC18400F8D573 /* Main.storyboard */; };
		32AAE3CA1D6CC18400F8D573 /* Assets.xcassets in Resources */ = {isa = PBXBuildFile; fileRef = 32AAE3C91D6CC18400F8D573 /* Assets.xcassets */; };
		32AAE3CD1D6CC18400F8D573 /* LaunchScreen.storyboard in Resources */ = {isa = PBXBuildFile; fileRef = 32AAE3CB1D6CC18400F8D573 /* LaunchScreen.storyboard */; };
/* End PBXBuildFile section */

/* Begin PBXFileReference section */
		325323DC1D87F2E000A3CE82 /* GridScrollView.swift */ = {isa = PBXFileReference; fileEncoding = 4; lastKnownFileType = sourcecode.swift; path = GridScrollView.swift; sourceTree = "<group>"; };
		32AAE3BF1D6CC18400F8D573 /* Scalable Grid View.app */ = {isa = PBXFileReference; explicitFileType = wrapper.application; includeInIndex = 0; path = "Scalable Grid View.app"; sourceTree = BUILT_PRODUCTS_DIR; };
		32AAE3C21D6CC18400F8D573 /* AppDelegate.swift */ = {isa = PBXFileReference; lastKnownFileType = sourcecode.swift; path = AppDelegate.swift; sourceTree = "<group>"; };
		32AAE3C41D6CC18400F8D573 /* ViewController.swift */ = {isa = PBXFileReference; lastKnownFileType = sourcecode.swift; path = ViewController.swift; sourceTree = "<group>"; };
		32AAE3C71D6CC18400F8D573 /* Base */ = {isa = PBXFileReference; lastKnownFileType = file.storyboard; name = Base; path = Base.lproj/Main.storyboard; sourceTree = "<group>"; };
		32AAE3C91D6CC18400F8D573 /* Assets.xcassets */ = {isa = PBXFileReference; lastKnownFileType = folder.assetcatalog; path = Assets.xcassets; sourceTree = "<group>"; };
		32AAE3CC1D6CC18400F8D573 /* Base */ = {isa = PBXFileReference; lastKnownFileType = file.storyboard; name = Base; path = Base.lproj/LaunchScreen.storyboard; sourceTree = "<group>"; };
		32AAE3CE1D6CC18400F8D573 /* Info.plist */ = {isa = PBXFileReference; lastKnownFileType = text.plist.xml; path = Info.plist; sourceTree = "<group>"; };
/* End PBXFileReference section */

/* Begin PBXFrameworksBuildPhase section */
		32AAE3BC1D6CC18400F8D573 /* Frameworks */ = {
			isa = PBXFrameworksBuildPhase;
			buildActionMask = 2147483647;
			files = (
			);
			runOnlyForDeploymentPostprocessing = 0;
		};
/* End PBXFrameworksBuildPhase section */

/* Begin PBXGroup section */
		32AAE3B61D6CC18300F8D573 = {
			isa = PBXGroup;
			children = (
				32AAE3C11D6CC18400F8D573 /* Scalable Grid View */,
				32AAE3C01D6CC18400F8D573 /* Products */,
			);
			sourceTree = "<group>";
		};
		32AAE3C01D6CC18400F8D573 /* Products */ = {
			isa = PBXGroup;
			children = (
				32AAE3BF1D6CC18400F8D573 /* Scalable Grid View.app */,
			);
			name = Products;
			sourceTree = "<group>";
		};
		32AAE3C11D6CC18400F8D573 /* Scalable Grid View */ = {
			isa = PBXGroup;
			children = (
				32AAE3C21D6CC18400F8D573 /* AppDelegate.swift */,
				32AAE3C41D6CC18400F8D573 /* ViewController.swift */,
				325323DC1D87F2E000A3CE82 /* GridScrollView.swift */,
				32AAE3C61D6CC18400F8D573 /* Main.storyboard */,
				32AAE3C91D6CC18400F8D573 /* Assets.xcassets */,
				32AAE3CB1D6CC18400F8D573 /* LaunchScreen.storyboard */,
				32AAE3CE1D6CC18400F8D573 /* Info.plist */,
			);
			path = "Scalable Grid View";
			sourceTree = "<group>";
		};
/* End PBXGroup section */

/* Begin PBXNativeTarget section */
		32AAE3BE1D6CC18400F8D573 /* Scalable Grid View */ = {
			isa = PBXNativeTarget;
			buildConfigurationList = 32AAE3D11D6CC18400F8D573 /* Build configuration list for PBXNativeTarget "Scalable Grid View" */;
			buildPhases = (
				32AAE3BB1D6CC18400F8D573 /* Sources */,
				32AAE3BC1D6CC18400F8D573 /* Frameworks */,
				32AAE3BD1D6CC18400F8D573 /* Resources */,
			);
			buildRules = (
			);
			dependencies = (
			);
			name = "Scalable Grid View";
			productName = "Scalable Grid View";
			productReference = 32AAE3BF1D6CC18400F8D573 /* Scalable Grid View.app */;
			productType = "com.apple.product-type.application";
		};
/* End PBXNativeTarget section */

/* Begin PBXProject section */
		32AAE3B71D6CC18300F8D573 /* Project object */ = {
			isa = PBXProject;
			attributes = {
				LastSwiftUpdateCheck = 0720;
				LastUpgradeCheck = 0720;
				ORGANIZATIONNAME = "Dmitry Rykun";
				TargetAttributes = {
					32AAE3BE1D6CC18400F8D573 = {
						CreatedOnToolsVersion = 7.2;
					};
				};
			};
			buildConfigurationList = 32AAE3BA1D6CC18300F8D573 /* Build configuration list for PBXProject "Scalable Grid View" */;
			compatibilityVersion = "Xcode 3.2";
			developmentRegion = English;
			hasScannedForEncodings = 0;
			knownRegions = (
				en,
				Base,
			);
			mainGroup = 32AAE3B61D6CC18300F8D573;
			productRefGroup = 32AAE3C01D6CC18400F8D573 /* Products */;
			projectDirPath = "";
			projectRoot = "";
			targets = (
				32AAE3BE1D6CC18400F8D573 /* Scalable Grid View */,
			);
		};
/* End PBXProject section */

/* Begin PBXResourcesBuildPhase section */
		32AAE3BD1D6CC18400F8D573 /* Resources */ = {
			isa = PBXResourcesBuildPhase;
			buildActionMask = 2147483647;
			files = (
				32AAE3CD1D6CC18400F8D573 /* LaunchScreen.storyboard in Resources */,
				32AAE3CA1D6CC18400F8D573 /* Assets.xcassets in Resources */,
				32AAE3C81D6CC18400F8D573 /* Main.storyboard in Resources */,
			);
			runOnlyForDeploymentPostprocessing = 0;
		};
/* End PBXResourcesBuildPhase section */

/* Begin PBXSourcesBuildPhase section */
		32AAE3BB1D6CC18400F8D573 /* Sources */ = {
			isa = PBXSourcesBuildPhase;
			buildActionMask = 2147483647;
			files = (
				32AAE3C51D6CC18400F8D573 /* ViewController.swift in Sources */,
				325323DD1D87F2E000A3CE82 /* GridScrollView.swift in Sources */,
				32AAE3C31D6CC18400F8D573 /* AppDelegate.swift in Sources */,
			);
			runOnlyForDeploymentPostprocessing = 0;
		};
/* End PBXSourcesBuildPhase section */

/* Begin PBXVariantGroup section */
		32AAE3C61D6CC18400F8D573 /* Main.storyboard */ = {
			isa = PBXVariantGroup;
			children = (
				32AAE3C71D6CC18400F8D573 /* Base */,
			);
			name = Main.storyboard;
			sourceTree = "<group>";
		};
		32AAE3CB1D6CC18400F8D573 /* LaunchScreen.storyboard */ = {
			isa = PBXVariantGroup;
			children = (
				32AAE3CC1D6CC18400F8D573 /* Base */,
			);
			name = LaunchScreen.storyboard;
			sourceTree = "<group>";
		};
/* End PBXVariantGroup section */

/* Begin XCBuildConfiguration section */
		32AAE3CF1D6CC18400F8D573 /* Debug */ = {
			isa = XCBuildConfiguration;
			buildSettings = {
				ALWAYS_SEARCH_USER_PATHS = NO;
				CLANG_CXX_LANGUAGE_STANDARD = "gnu++0x";
				CLANG_CXX_LIBRARY = "libc++";
				CLANG_ENABLE_MODULES = YES;
				CLANG_ENABLE_OBJC_ARC = YES;
				CLANG_WARN_BOOL_CONVERSION = YES;
				CLANG_WARN_CONSTANT_CONVERSION = YES;
				CLANG_WARN_DIRECT_OBJC_ISA_USAGE = YES_ERROR;
				CLANG_WARN_EMPTY_BODY = YES;
				CLANG_WARN_ENUM_CONVERSION = YES;
				CLANG_WARN_INT_CONVERSION = YES;
				CLANG_WARN_OBJC_ROOT_CLASS = YES_ERROR;
				CLANG_WARN_UNREACHABLE_CODE = YES;
				CLANG_WARN__DUPLICATE_METHOD_MATCH = YES;
				"CODE_SIGN_IDENTITY[sdk=iphoneos*]" = "iPhone Developer";
				COPY_PHASE_STRIP = NO;
				DEBUG_INFORMATION_FORMAT = dwarf;
				ENABLE_STRICT_OBJC_MSGSEND = YES;
				ENABLE_TESTABILITY = YES;
				GCC_C_LANGUAGE_STANDARD = gnu99;
				GCC_DYNAMIC_NO_PIC = NO;
				GCC_NO_COMMON_BLOCKS = YES;
				GCC_OPTIMIZATION_LEVEL = 0;
				GCC_PREPROCESSOR_DEFINITIONS = (
					"DEBUG=1",
					"$(inherited)",
				);
				GCC_WARN_64_TO_32_BIT_CONVERSION = YES;
				GCC_WARN_ABOUT_RETURN_TYPE = YES_ERROR;
				GCC_WARN_UNDECLARED_SELECTOR = YES;
				GCC_WARN_UNINITIALIZED_AUTOS = YES_AGGRESSIVE;
				GCC_WARN_UNUSED_FUNCTION = YES;
				GCC_WARN_UNUSED_VARIABLE = YES;
				IPHONEOS_DEPLOYMENT_TARGET = 9.2;
				MTL_ENABLE_DEBUG_INFO = YES;
				ONLY_ACTIVE_ARCH = YES;
				SDKROOT = iphoneos;
				SWIFT_OPTIMIZATION_LEVEL = "-Onone";
				TARGETED_DEVICE_FAMILY = "1,2";
			};
			name = Debug;
		};
		32AAE3D01D6CC18400F8D573 /* Release */ = {
			isa = XCBuildConfiguration;
			buildSettings = {
				ALWAYS_SEARCH_USER_PATHS = NO;
				CLANG_CXX_LANGUAGE_STANDARD = "gnu++0x";
				CLANG_CXX_LIBRARY = "libc++";
				CLANG_ENABLE_MODULES = YES;
				CLANG_ENABLE_OBJC_ARC = YES;
				CLANG_WARN_BOOL_CONVERSION = YES;
				CLANG_WARN_CONSTANT_CONVERSION = YES;
				CLANG_WARN_DIRECT_OBJC_ISA_USAGE = YES_ERROR;
				CLANG_WARN_EMPTY_BODY = YES;
				CLANG_WARN_ENUM_CONVERSION = YES;
				CLANG_WARN_INT_CONVERSION = YES;
				CLANG_WARN_OBJC_ROOT_CLASS = YES_ERROR;
				CLANG_WARN_UNREACHABLE_CODE = YES;
				CLANG_WARN__DUPLICATE_METHOD_MATCH = YES;
				"CODE_SIGN_IDENTITY[sdk=iphoneos*]" = "iPhone Developer";
				COPY_PHASE_STRIP = NO;
				DEBUG_INFORMATION_FORMAT = "dwarf-with-dsym";
				ENABLE_NS_ASSERTIONS = NO;
				ENABLE_STRICT_OBJC_MSGSEND = YES;
				GCC_C_LANGUAGE_STANDARD = gnu99;
				GCC_NO_COMMON_BLOCKS = YES;
				GCC_WARN_64_TO_32_BIT_CONVERSION = YES;
				GCC_WARN_ABOUT_RETURN_TYPE = YES_ERROR;
				GCC_WARN_UNDECLARED_SELECTOR = YES;
				GCC_WARN_UNINITIALIZED_AUTOS = YES_AGGRESSIVE;
				GCC_WARN_UNUSED_FUNCTION = YES;
				GCC_WARN_UNUSED_VARIABLE = YES;
				IPHONEOS_DEPLOYMENT_TARGET = 9.2;
				MTL_ENABLE_DEBUG_INFO = NO;
				SDKROOT = iphoneos;
				TARGETED_DEVICE_FAMILY = "1,2";
				VALIDATE_PRODUCT = YES;
			};
			name = Release;
		};
		32AAE3D21D6CC18400F8D573 /* Debug */ = {
			isa = XCBuildConfiguration;
			buildSettings = {
				ASSETCATALOG_COMPILER_APPICON_NAME = AppIcon;
				INFOPLIST_FILE = "Scalable Grid View/Info.plist";
				LD_RUNPATH_SEARCH_PATHS = "$(inherited) @executable_path/Frameworks";
				PRODUCT_BUNDLE_IDENTIFIER = "rdima.Scalable-Grid-View";
				PRODUCT_NAME = "$(TARGET_NAME)";
			};
			name = Debug;
		};
		32AAE3D31D6CC18400F8D573 /* Release */ = {
			isa = XCBuildConfiguration;
			buildSettings = {
				ASSETCATALOG_COMPILER_APPICON_NAME = AppIcon;
				INFOPLIST_FILE = "Scalable Grid View/Info.plist";
				LD_RUNPATH_SEARCH_PATHS = "$(inherited) @executable_path/Frameworks";
				PRODUCT_BUNDLE_IDENTIFIER = "rdima.Scalable-Grid-View";
				PRODUCT_NAME = "$(TARGET_NAME)";
			};
			name = Release;
		};
/* End XCBuildConfiguration section */

/* Begin XCConfigurationList section */
		32AAE3BA1D6CC18300F8D573 /* Build configuration list for PBXProject "Scalable Grid View" */ = {
			isa = XCConfigurationList;
			buildConfigurations = (
				32AAE3CF1D6CC18400F8D573 /* Debug */,
				32AAE3D01D6CC18400F8D573 /* Release */,
			);
			defaultConfigurationIsVisible = 0;
			defaultConfigurationName = Release;
		};
		32AAE3D11D6CC18400F8D573 /* Build configuration list for PBXNativeTarget "Scalable Grid View" */ = {
			isa = XCConfigurationList;
			buildConfigurations = (
				32AAE3D21D6CC18400F8D573 /* Debug */,
				32AAE3D31D6CC18400F8D573 /* Release */,
			);
			defaultConfigurationIsVisible = 0;
			defaultConfigurationName = Release;
		};
/* End XCConfigurationList section */
	};
	rootObject = 32AAE3B71D6CC18300F8D573 /* Project object */;
}
